// !$*UTF8*$!
{
	archiveVersion = 1;
	classes = {
	};
	objectVersion = 46;
	objects = {

/* Begin PBXBuildFile section */
		3C566D861E0C316F00BC7D22 /* AppDelegate.swift in Sources */ = {isa = PBXBuildFile; fileRef = 3C566D851E0C316F00BC7D22 /* AppDelegate.swift */; };
		3C566D881E0C316F00BC7D22 /* ViewController.swift in Sources */ = {isa = PBXBuildFile; fileRef = 3C566D871E0C316F00BC7D22 /* ViewController.swift */; };
		3C566D8B1E0C316F00BC7D22 /* Main.storyboard in Resources */ = {isa = PBXBuildFile; fileRef = 3C566D891E0C316F00BC7D22 /* Main.storyboard */; };
		3C566D8E1E0C316F00BC7D22 /* budgeter.xcdatamodeld in Sources */ = {isa = PBXBuildFile; fileRef = 3C566D8C1E0C316F00BC7D22 /* budgeter.xcdatamodeld */; };
		3C566D901E0C316F00BC7D22 /* Assets.xcassets in Resources */ = {isa = PBXBuildFile; fileRef = 3C566D8F1E0C316F00BC7D22 /* Assets.xcassets */; };
		3C566D931E0C316F00BC7D22 /* LaunchScreen.storyboard in Resources */ = {isa = PBXBuildFile; fileRef = 3C566D911E0C316F00BC7D22 /* LaunchScreen.storyboard */; };
		3C566D9E1E0C316F00BC7D22 /* budgeterTests.swift in Sources */ = {isa = PBXBuildFile; fileRef = 3C566D9D1E0C316F00BC7D22 /* budgeterTests.swift */; };
		3C566DA91E0C316F00BC7D22 /* budgeterUITests.swift in Sources */ = {isa = PBXBuildFile; fileRef = 3C566DA81E0C316F00BC7D22 /* budgeterUITests.swift */; };
/* End PBXBuildFile section */

/* Begin PBXContainerItemProxy section */
		3C566D9A1E0C316F00BC7D22 /* PBXContainerItemProxy */ = {
			isa = PBXContainerItemProxy;
			containerPortal = 3C566D7A1E0C316F00BC7D22 /* Project object */;
			proxyType = 1;
			remoteGlobalIDString = 3C566D811E0C316F00BC7D22;
			remoteInfo = budgeter;
		};
		3C566DA51E0C316F00BC7D22 /* PBXContainerItemProxy */ = {
			isa = PBXContainerItemProxy;
			containerPortal = 3C566D7A1E0C316F00BC7D22 /* Project object */;
			proxyType = 1;
			remoteGlobalIDString = 3C566D811E0C316F00BC7D22;
			remoteInfo = budgeter;
		};
/* End PBXContainerItemProxy section */

/* Begin PBXFileReference section */
		3C566D821E0C316F00BC7D22 /* budgeter.app */ = {isa = PBXFileReference; explicitFileType = wrapper.application; includeInIndex = 0; path = budgeter.app; sourceTree = BUILT_PRODUCTS_DIR; };
		3C566D851E0C316F00BC7D22 /* AppDelegate.swift */ = {isa = PBXFileReference; lastKnownFileType = sourcecode.swift; path = AppDelegate.swift; sourceTree = "<group>"; };
		3C566D871E0C316F00BC7D22 /* ViewController.swift */ = {isa = PBXFileReference; lastKnownFileType = sourcecode.swift; path = ViewController.swift; sourceTree = "<group>"; };
		3C566D8A1E0C316F00BC7D22 /* Base */ = {isa = PBXFileReference; lastKnownFileType = file.storyboard; name = Base; path = Base.lproj/Main.storyboard; sourceTree = "<group>"; };
		3C566D8D1E0C316F00BC7D22 /* budgeter.xcdatamodel */ = {isa = PBXFileReference; lastKnownFileType = wrapper.xcdatamodel; path = budgeter.xcdatamodel; sourceTree = "<group>"; };
		3C566D8F1E0C316F00BC7D22 /* Assets.xcassets */ = {isa = PBXFileReference; lastKnownFileType = folder.assetcatalog; path = Assets.xcassets; sourceTree = "<group>"; };
		3C566D921E0C316F00BC7D22 /* Base */ = {isa = PBXFileReference; lastKnownFileType = file.storyboard; name = Base; path = Base.lproj/LaunchScreen.storyboard; sourceTree = "<group>"; };
		3C566D941E0C316F00BC7D22 /* Info.plist */ = {isa = PBXFileReference; lastKnownFileType = text.plist.xml; path = Info.plist; sourceTree = "<group>"; };
		3C566D991E0C316F00BC7D22 /* budgeterTests.xctest */ = {isa = PBXFileReference; explicitFileType = wrapper.cfbundle; includeInIndex = 0; path = budgeterTests.xctest; sourceTree = BUILT_PRODUCTS_DIR; };
		3C566D9D1E0C316F00BC7D22 /* budgeterTests.swift */ = {isa = PBXFileReference; lastKnownFileType = sourcecode.swift; path = budgeterTests.swift; sourceTree = "<group>"; };
		3C566D9F1E0C316F00BC7D22 /* Info.plist */ = {isa = PBXFileReference; lastKnownFileType = text.plist.xml; path = Info.plist; sourceTree = "<group>"; };
		3C566DA41E0C316F00BC7D22 /* budgeterUITests.xctest */ = {isa = PBXFileReference; explicitFileType = wrapper.cfbundle; includeInIndex = 0; path = budgeterUITests.xctest; sourceTree = BUILT_PRODUCTS_DIR; };
		3C566DA81E0C316F00BC7D22 /* budgeterUITests.swift */ = {isa = PBXFileReference; lastKnownFileType = sourcecode.swift; path = budgeterUITests.swift; sourceTree = "<group>"; };
		3C566DAA1E0C316F00BC7D22 /* Info.plist */ = {isa = PBXFileReference; lastKnownFileType = text.plist.xml; path = Info.plist; sourceTree = "<group>"; };
/* End PBXFileReference section */

/* Begin PBXFrameworksBuildPhase section */
		3C566D7F1E0C316F00BC7D22 /* Frameworks */ = {
			isa = PBXFrameworksBuildPhase;
			buildActionMask = 2147483647;
			files = (
			);
			runOnlyForDeploymentPostprocessing = 0;
		};
		3C566D961E0C316F00BC7D22 /* Frameworks */ = {
			isa = PBXFrameworksBuildPhase;
			buildActionMask = 2147483647;
			files = (
			);
			runOnlyForDeploymentPostprocessing = 0;
		};
		3C566DA11E0C316F00BC7D22 /* Frameworks */ = {
			isa = PBXFrameworksBuildPhase;
			buildActionMask = 2147483647;
			files = (
			);
			runOnlyForDeploymentPostprocessing = 0;
		};
/* End PBXFrameworksBuildPhase section */

/* Begin PBXGroup section */
		3C566D791E0C316F00BC7D22 = {
			isa = PBXGroup;
			children = (
				3C566D841E0C316F00BC7D22 /* budgeter */,
				3C566D9C1E0C316F00BC7D22 /* budgeterTests */,
				3C566DA71E0C316F00BC7D22 /* budgeterUITests */,
				3C566D831E0C316F00BC7D22 /* Products */,
			);
			sourceTree = "<group>";
		};
		3C566D831E0C316F00BC7D22 /* Products */ = {
			isa = PBXGroup;
			children = (
				3C566D821E0C316F00BC7D22 /* budgeter.app */,
				3C566D991E0C316F00BC7D22 /* budgeterTests.xctest */,
				3C566DA41E0C316F00BC7D22 /* budgeterUITests.xctest */,
			);
			name = Products;
			sourceTree = "<group>";
		};
		3C566D841E0C316F00BC7D22 /* budgeter */ = {
			isa = PBXGroup;
			children = (
				3C566D851E0C316F00BC7D22 /* AppDelegate.swift */,
				3C566D871E0C316F00BC7D22 /* ViewController.swift */,
				3C566D891E0C316F00BC7D22 /* Main.storyboard */,
				3C566D8F1E0C316F00BC7D22 /* Assets.xcassets */,
				3C566D911E0C316F00BC7D22 /* LaunchScreen.storyboard */,
				3C566D941E0C316F00BC7D22 /* Info.plist */,
				3C566D8C1E0C316F00BC7D22 /* budgeter.xcdatamodeld */,
			);
			path = budgeter;
			sourceTree = "<group>";
		};
		3C566D9C1E0C316F00BC7D22 /* budgeterTests */ = {
			isa = PBXGroup;
			children = (
				3C566D9D1E0C316F00BC7D22 /* budgeterTests.swift */,
				3C566D9F1E0C316F00BC7D22 /* Info.plist */,
			);
			path = budgeterTests;
			sourceTree = "<group>";
		};
		3C566DA71E0C316F00BC7D22 /* budgeterUITests */ = {
			isa = PBXGroup;
			children = (
				3C566DA81E0C316F00BC7D22 /* budgeterUITests.swift */,
				3C566DAA1E0C316F00BC7D22 /* Info.plist */,
			);
			path = budgeterUITests;
			sourceTree = "<group>";
		};
/* End PBXGroup section */

/* Begin PBXNativeTarget section */
		3C566D811E0C316F00BC7D22 /* budgeter */ = {
			isa = PBXNativeTarget;
			buildConfigurationList = 3C566DAD1E0C316F00BC7D22 /* Build configuration list for PBXNativeTarget "budgeter" */;
			buildPhases = (
				3C566D7E1E0C316F00BC7D22 /* Sources */,
				3C566D7F1E0C316F00BC7D22 /* Frameworks */,
				3C566D801E0C316F00BC7D22 /* Resources */,
			);
			buildRules = (
			);
			dependencies = (
			);
			name = budgeter;
			productName = budgeter;
			productReference = 3C566D821E0C316F00BC7D22 /* budgeter.app */;
			productType = "com.apple.product-type.application";
		};
		3C566D981E0C316F00BC7D22 /* budgeterTests */ = {
			isa = PBXNativeTarget;
			buildConfigurationList = 3C566DB01E0C316F00BC7D22 /* Build configuration list for PBXNativeTarget "budgeterTests" */;
			buildPhases = (
				3C566D951E0C316F00BC7D22 /* Sources */,
				3C566D961E0C316F00BC7D22 /* Frameworks */,
				3C566D971E0C316F00BC7D22 /* Resources */,
			);
			buildRules = (
			);
			dependencies = (
				3C566D9B1E0C316F00BC7D22 /* PBXTargetDependency */,
			);
			name = budgeterTests;
			productName = budgeterTests;
			productReference = 3C566D991E0C316F00BC7D22 /* budgeterTests.xctest */;
			productType = "com.apple.product-type.bundle.unit-test";
		};
		3C566DA31E0C316F00BC7D22 /* budgeterUITests */ = {
			isa = PBXNativeTarget;
			buildConfigurationList = 3C566DB31E0C316F00BC7D22 /* Build configuration list for PBXNativeTarget "budgeterUITests" */;
			buildPhases = (
				3C566DA01E0C316F00BC7D22 /* Sources */,
				3C566DA11E0C316F00BC7D22 /* Frameworks */,
				3C566DA21E0C316F00BC7D22 /* Resources */,
			);
			buildRules = (
			);
			dependencies = (
				3C566DA61E0C316F00BC7D22 /* PBXTargetDependency */,
			);
			name = budgeterUITests;
			productName = budgeterUITests;
			productReference = 3C566DA41E0C316F00BC7D22 /* budgeterUITests.xctest */;
			productType = "com.apple.product-type.bundle.ui-testing";
		};
/* End PBXNativeTarget section */

/* Begin PBXProject section */
		3C566D7A1E0C316F00BC7D22 /* Project object */ = {
			isa = PBXProject;
			attributes = {
				LastSwiftUpdateCheck = 0730;
				LastUpgradeCheck = 0730;
				ORGANIZATIONNAME = KAM;
				TargetAttributes = {
					3C566D811E0C316F00BC7D22 = {
						CreatedOnToolsVersion = 7.3.1;
					};
					3C566D981E0C316F00BC7D22 = {
						CreatedOnToolsVersion = 7.3.1;
						TestTargetID = 3C566D811E0C316F00BC7D22;
					};
					3C566DA31E0C316F00BC7D22 = {
						CreatedOnToolsVersion = 7.3.1;
						TestTargetID = 3C566D811E0C316F00BC7D22;
					};
				};
			};
			buildConfigurationList = 3C566D7D1E0C316F00BC7D22 /* Build configuration list for PBXProject "budgeter" */;
			compatibilityVersion = "Xcode 3.2";
			developmentRegion = English;
			hasScannedForEncodings = 0;
			knownRegions = (
				en,
				Base,
			);
			mainGroup = 3C566D791E0C316F00BC7D22;
			productRefGroup = 3C566D831E0C316F00BC7D22 /* Products */;
			projectDirPath = "";
			projectRoot = "";
			targets = (
				3C566D811E0C316F00BC7D22 /* budgeter */,
				3C566D981E0C316F00BC7D22 /* budgeterTests */,
				3C566DA31E0C316F00BC7D22 /* budgeterUITests */,
			);
		};
/* End PBXProject section */

/* Begin PBXResourcesBuildPhase section */
		3C566D801E0C316F00BC7D22 /* Resources */ = {
			isa = PBXResourcesBuildPhase;
			buildActionMask = 2147483647;
			files = (
				3C566D931E0C316F00BC7D22 /* LaunchScreen.storyboard in Resources */,
				3C566D901E0C316F00BC7D22 /* Assets.xcassets in Resources */,
				3C566D8B1E0C316F00BC7D22 /* Main.storyboard in Resources */,
			);
			runOnlyForDeploymentPostprocessing = 0;
		};
		3C566D971E0C316F00BC7D22 /* Resources */ = {
			isa = PBXResourcesBuildPhase;
			buildActionMask = 2147483647;
			files = (
			);
			runOnlyForDeploymentPostprocessing = 0;
		};
		3C566DA21E0C316F00BC7D22 /* Resources */ = {
			isa = PBXResourcesBuildPhase;
			buildActionMask = 2147483647;
			files = (
			);
			runOnlyForDeploymentPostprocessing = 0;
		};
/* End PBXResourcesBuildPhase section */

/* Begin PBXSourcesBuildPhase section */
		3C566D7E1E0C316F00BC7D22 /* Sources */ = {
			isa = PBXSourcesBuildPhase;
			buildActionMask = 2147483647;
			files = (
				3C566D8E1E0C316F00BC7D22 /* budgeter.xcdatamodeld in Sources */,
				3C566D881E0C316F00BC7D22 /* ViewController.swift in Sources */,
				3C566D861E0C316F00BC7D22 /* AppDelegate.swift in Sources */,
			);
			runOnlyForDeploymentPostprocessing = 0;
		};
		3C566D951E0C316F00BC7D22 /* Sources */ = {
			isa = PBXSourcesBuildPhase;
			buildActionMask = 2147483647;
			files = (
				3C566D9E1E0C316F00BC7D22 /* budgeterTests.swift in Sources */,
			);
			runOnlyForDeploymentPostprocessing = 0;
		};
		3C566DA01E0C316F00BC7D22 /* Sources */ = {
			isa = PBXSourcesBuildPhase;
			buildActionMask = 2147483647;
			files = (
				3C566DA91E0C316F00BC7D22 /* budgeterUITests.swift in Sources */,
			);
			runOnlyForDeploymentPostprocessing = 0;
		};
/* End PBXSourcesBuildPhase section */

/* Begin PBXTargetDependency section */
		3C566D9B1E0C316F00BC7D22 /* PBXTargetDependency */ = {
			isa = PBXTargetDependency;
			target = 3C566D811E0C316F00BC7D22 /* budgeter */;
			targetProxy = 3C566D9A1E0C316F00BC7D22 /* PBXContainerItemProxy */;
		};
		3C566DA61E0C316F00BC7D22 /* PBXTargetDependency */ = {
			isa = PBXTargetDependency;
			target = 3C566D811E0C316F00BC7D22 /* budgeter */;
			targetProxy = 3C566DA51E0C316F00BC7D22 /* PBXContainerItemProxy */;
		};
/* End PBXTargetDependency section */

/* Begin PBXVariantGroup section */
		3C566D891E0C316F00BC7D22 /* Main.storyboard */ = {
			isa = PBXVariantGroup;
			children = (
				3C566D8A1E0C316F00BC7D22 /* Base */,
			);
			name = Main.storyboard;
			sourceTree = "<group>";
		};
		3C566D911E0C316F00BC7D22 /* LaunchScreen.storyboard */ = {
			isa = PBXVariantGroup;
			children = (
				3C566D921E0C316F00BC7D22 /* Base */,
			);
			name = LaunchScreen.storyboard;
			sourceTree = "<group>";
		};
/* End PBXVariantGroup section */

/* Begin XCBuildConfiguration section */
		3C566DAB1E0C316F00BC7D22 /* Debug */ = {
			isa = XCBuildConfiguration;
			buildSettings = {
				ALWAYS_SEARCH_USER_PATHS = NO;
				CLANG_ANALYZER_NONNULL = YES;
				CLANG_CXX_LANGUAGE_STANDARD = "gnu++0x";
				CLANG_CXX_LIBRARY = "libc++";
				CLANG_ENABLE_MODULES = YES;
				CLANG_ENABLE_OBJC_ARC = YES;
				CLANG_WARN_BOOL_CONVERSION = YES;
				CLANG_WARN_CONSTANT_CONVERSION = YES;
				CLANG_WARN_DIRECT_OBJC_ISA_USAGE = YES_ERROR;
				CLANG_WARN_EMPTY_BODY = YES;
				CLANG_WARN_ENUM_CONVERSION = YES;
				CLANG_WARN_INT_CONVERSION = YES;
				CLANG_WARN_OBJC_ROOT_CLASS = YES_ERROR;
				CLANG_WARN_UNREACHABLE_CODE = YES;
				CLANG_WARN__DUPLICATE_METHOD_MATCH = YES;
				"CODE_SIGN_IDENTITY[sdk=iphoneos*]" = "iPhone Developer";
				COPY_PHASE_STRIP = NO;
				DEBUG_INFORMATION_FORMAT = dwarf;
				ENABLE_STRICT_OBJC_MSGSEND = YES;
				ENABLE_TESTABILITY = YES;
				GCC_C_LANGUAGE_STANDARD = gnu99;
				GCC_DYNAMIC_NO_PIC = NO;
				GCC_NO_COMMON_BLOCKS = YES;
				GCC_OPTIMIZATION_LEVEL = 0;
				GCC_PREPROCESSOR_DEFINITIONS = (
					"DEBUG=1",
					"$(inherited)",
				);
				GCC_WARN_64_TO_32_BIT_CONVERSION = YES;
				GCC_WARN_ABOUT_RETURN_TYPE = YES_ERROR;
				GCC_WARN_UNDECLARED_SELECTOR = YES;
				GCC_WARN_UNINITIALIZED_AUTOS = YES_AGGRESSIVE;
				GCC_WARN_UNUSED_FUNCTION = YES;
				GCC_WARN_UNUSED_VARIABLE = YES;
				IPHONEOS_DEPLOYMENT_TARGET = 9.3;
				MTL_ENABLE_DEBUG_INFO = YES;
				ONLY_ACTIVE_ARCH = YES;
				SDKROOT = iphoneos;
				SWIFT_OPTIMIZATION_LEVEL = "-Onone";
				TARGETED_DEVICE_FAMILY = "1,2";
			};
			name = Debug;
		};
		3C566DAC1E0C316F00BC7D22 /* Release */ = {
			isa = XCBuildConfiguration;
			buildSettings = {
				ALWAYS_SEARCH_USER_PATHS = NO;
				CLANG_ANALYZER_NONNULL = YES;
				CLANG_CXX_LANGUAGE_STANDARD = "gnu++0x";
				CLANG_CXX_LIBRARY = "libc++";
				CLANG_ENABLE_MODULES = YES;
				CLANG_ENABLE_OBJC_ARC = YES;
				CLANG_WARN_BOOL_CONVERSION = YES;
				CLANG_WARN_CONSTANT_CONVERSION = YES;
				CLANG_WARN_DIRECT_OBJC_ISA_USAGE = YES_ERROR;
				CLANG_WARN_EMPTY_BODY = YES;
				CLANG_WARN_ENUM_CONVERSION = YES;
				CLANG_WARN_INT_CONVERSION = YES;
				CLANG_WARN_OBJC_ROOT_CLASS = YES_ERROR;
				CLANG_WARN_UNREACHABLE_CODE = YES;
				CLANG_WARN__DUPLICATE_METHOD_MATCH = YES;
				"CODE_SIGN_IDENTITY[sdk=iphoneos*]" = "iPhone Developer";
				COPY_PHASE_STRIP = NO;
				DEBUG_INFORMATION_FORMAT = "dwarf-with-dsym";
				ENABLE_NS_ASSERTIONS = NO;
				ENABLE_STRICT_OBJC_MSGSEND = YES;
				GCC_C_LANGUAGE_STANDARD = gnu99;
				GCC_NO_COMMON_BLOCKS = YES;
				GCC_WARN_64_TO_32_BIT_CONVERSION = YES;
				GCC_WARN_ABOUT_RETURN_TYPE = YES_ERROR;
				GCC_WARN_UNDECLARED_SELECTOR = YES;
				GCC_WARN_UNINITIALIZED_AUTOS = YES_AGGRESSIVE;
				GCC_WARN_UNUSED_FUNCTION = YES;
				GCC_WARN_UNUSED_VARIABLE = YES;
				IPHONEOS_DEPLOYMENT_TARGET = 9.3;
				MTL_ENABLE_DEBUG_INFO = NO;
				SDKROOT = iphoneos;
				TARGETED_DEVICE_FAMILY = "1,2";
				VALIDATE_PRODUCT = YES;
			};
			name = Release;
		};
		3C566DAE1E0C316F00BC7D22 /* Debug */ = {
			isa = XCBuildConfiguration;
			buildSettings = {
				ASSETCATALOG_COMPILER_APPICON_NAME = AppIcon;
				INFOPLIST_FILE = budgeter/Info.plist;
				LD_RUNPATH_SEARCH_PATHS = "$(inherited) @executable_path/Frameworks";
				PRODUCT_BUNDLE_IDENTIFIER = maloles.kevin.budgeter;
				PRODUCT_NAME = "$(TARGET_NAME)";
			};
			name = Debug;
		};
		3C566DAF1E0C316F00BC7D22 /* Release */ = {
			isa = XCBuildConfiguration;
			buildSettings = {
				ASSETCATALOG_COMPILER_APPICON_NAME = AppIcon;
				INFOPLIST_FILE = budgeter/Info.plist;
				LD_RUNPATH_SEARCH_PATHS = "$(inherited) @executable_path/Frameworks";
				PRODUCT_BUNDLE_IDENTIFIER = maloles.kevin.budgeter;
				PRODUCT_NAME = "$(TARGET_NAME)";
			};
			name = Release;
		};
		3C566DB11E0C316F00BC7D22 /* Debug */ = {
			isa = XCBuildConfiguration;
			buildSettings = {
				BUNDLE_LOADER = "$(TEST_HOST)";
				INFOPLIST_FILE = budgeterTests/Info.plist;
				LD_RUNPATH_SEARCH_PATHS = "$(inherited) @executable_path/Frameworks @loader_path/Frameworks";
				PRODUCT_BUNDLE_IDENTIFIER = maloles.kevin.budgeterTests;
				PRODUCT_NAME = "$(TARGET_NAME)";
				TEST_HOST = "$(BUILT_PRODUCTS_DIR)/budgeter.app/budgeter";
			};
			name = Debug;
		};
		3C566DB21E0C316F00BC7D22 /* Release */ = {
			isa = XCBuildConfiguration;
			buildSettings = {
				BUNDLE_LOADER = "$(TEST_HOST)";
				INFOPLIST_FILE = budgeterTests/Info.plist;
				LD_RUNPATH_SEARCH_PATHS = "$(inherited) @executable_path/Frameworks @loader_path/Frameworks";
				PRODUCT_BUNDLE_IDENTIFIER = maloles.kevin.budgeterTests;
				PRODUCT_NAME = "$(TARGET_NAME)";
				TEST_HOST = "$(BUILT_PRODUCTS_DIR)/budgeter.app/budgeter";
			};
			name = Release;
		};
		3C566DB41E0C316F00BC7D22 /* Debug */ = {
			isa = XCBuildConfiguration;
			buildSettings = {
				INFOPLIST_FILE = budgeterUITests/Info.plist;
				LD_RUNPATH_SEARCH_PATHS = "$(inherited) @executable_path/Frameworks @loader_path/Frameworks";
				PRODUCT_BUNDLE_IDENTIFIER = maloles.kevin.budgeterUITests;
				PRODUCT_NAME = "$(TARGET_NAME)";
				TEST_TARGET_NAME = budgeter;
			};
			name = Debug;
		};
		3C566DB51E0C316F00BC7D22 /* Release */ = {
			isa = XCBuildConfiguration;
			buildSettings = {
				INFOPLIST_FILE = budgeterUITests/Info.plist;
				LD_RUNPATH_SEARCH_PATHS = "$(inherited) @executable_path/Frameworks @loader_path/Frameworks";
				PRODUCT_BUNDLE_IDENTIFIER = maloles.kevin.budgeterUITests;
				PRODUCT_NAME = "$(TARGET_NAME)";
				TEST_TARGET_NAME = budgeter;
			};
			name = Release;
		};
/* End XCBuildConfiguration section */

/* Begin XCConfigurationList section */
		3C566D7D1E0C316F00BC7D22 /* Build configuration list for PBXProject "budgeter" */ = {
			isa = XCConfigurationList;
			buildConfigurations = (
				3C566DAB1E0C316F00BC7D22 /* Debug */,
				3C566DAC1E0C316F00BC7D22 /* Release */,
			);
			defaultConfigurationIsVisible = 0;
			defaultConfigurationName = Release;
		};
		3C566DAD1E0C316F00BC7D22 /* Build configuration list for PBXNativeTarget "budgeter" */ = {
			isa = XCConfigurationList;
			buildConfigurations = (
				3C566DAE1E0C316F00BC7D22 /* Debug */,
				3C566DAF1E0C316F00BC7D22 /* Release */,
			);
			defaultConfigurationIsVisible = 0;
		};
		3C566DB01E0C316F00BC7D22 /* Build configuration list for PBXNativeTarget "budgeterTests" */ = {
			isa = XCConfigurationList;
			buildConfigurations = (
				3C566DB11E0C316F00BC7D22 /* Debug */,
				3C566DB21E0C316F00BC7D22 /* Release */,
			);
			defaultConfigurationIsVisible = 0;
		};
		3C566DB31E0C316F00BC7D22 /* Build configuration list for PBXNativeTarget "budgeterUITests" */ = {
			isa = XCConfigurationList;
			buildConfigurations = (
				3C566DB41E0C316F00BC7D22 /* Debug */,
				3C566DB51E0C316F00BC7D22 /* Release */,
			);
			defaultConfigurationIsVisible = 0;
		};
/* End XCConfigurationList section */

/* Begin XCVersionGroup section */
		3C566D8C1E0C316F00BC7D22 /* budgeter.xcdatamodeld */ = {
			isa = XCVersionGroup;
			children = (
				3C566D8D1E0C316F00BC7D22 /* budgeter.xcdatamodel */,
			);
			currentVersion = 3C566D8D1E0C316F00BC7D22 /* budgeter.xcdatamodel */;
			path = budgeter.xcdatamodeld;
			sourceTree = "<group>";
			versionGroupType = wrapper.xcdatamodel;
		};
/* End XCVersionGroup section */
	};
	rootObject = 3C566D7A1E0C316F00BC7D22 /* Project object */;
}
