// !$*UTF8*$!
{
	archiveVersion = 1;
	classes = {
	};
	objectVersion = 46;
	objects = {

/* Begin PBXBuildFile section */
		3C0A56E51E171AA400298F6D /* RealmModels.swift in Sources */ = {isa = PBXBuildFile; fileRef = 3C0A56E41E171AA400298F6D /* RealmModels.swift */; };
		3C0A56E71E1720BE00298F6D /* DBManager.swift in Sources */ = {isa = PBXBuildFile; fileRef = 3C0A56E61E1720BE00298F6D /* DBManager.swift */; };
		3C0A56E91E17960B00298F6D /* Constants.swift in Sources */ = {isa = PBXBuildFile; fileRef = 3C0A56E81E17960B00298F6D /* Constants.swift */; };
		3C0B0A381E11B98D007FE881 /* norwester.otf in Resources */ = {isa = PBXBuildFile; fileRef = 3C0B0A371E11B98D007FE881 /* norwester.otf */; };
		3C0B0A3A1E11BD20007FE881 /* ExpenseTableCell.swift in Sources */ = {isa = PBXBuildFile; fileRef = 3C0B0A391E11BD20007FE881 /* ExpenseTableCell.swift */; };
		3C0B0A401E11C5E5007FE881 /* Extensions.swift in Sources */ = {isa = PBXBuildFile; fileRef = 3C0B0A3F1E11C5E5007FE881 /* Extensions.swift */; };
		3C0B0A431E11CE0E007FE881 /* DateFormatter.swift in Sources */ = {isa = PBXBuildFile; fileRef = 3C0B0A421E11CE0E007FE881 /* DateFormatter.swift */; };
		3C566D861E0C316F00BC7D22 /* AppDelegate.swift in Sources */ = {isa = PBXBuildFile; fileRef = 3C566D851E0C316F00BC7D22 /* AppDelegate.swift */; };
		3C566D8B1E0C316F00BC7D22 /* Main.storyboard in Resources */ = {isa = PBXBuildFile; fileRef = 3C566D891E0C316F00BC7D22 /* Main.storyboard */; };
		3C566D8E1E0C316F00BC7D22 /* budgeter.xcdatamodeld in Sources */ = {isa = PBXBuildFile; fileRef = 3C566D8C1E0C316F00BC7D22 /* budgeter.xcdatamodeld */; };
		3C566D901E0C316F00BC7D22 /* Assets.xcassets in Resources */ = {isa = PBXBuildFile; fileRef = 3C566D8F1E0C316F00BC7D22 /* Assets.xcassets */; };
		3C566D931E0C316F00BC7D22 /* LaunchScreen.storyboard in Resources */ = {isa = PBXBuildFile; fileRef = 3C566D911E0C316F00BC7D22 /* LaunchScreen.storyboard */; };
		3CAAC4EE1E0C85440015345B /* ExpenseViewController.swift in Sources */ = {isa = PBXBuildFile; fileRef = 3CAAC4ED1E0C85440015345B /* ExpenseViewController.swift */; };
		3CAAC4F11E0C87110015345B /* ExpenseTableCell.xib in Resources */ = {isa = PBXBuildFile; fileRef = 3CAAC4F01E0C87110015345B /* ExpenseTableCell.xib */; };
		3CD835B21E0C490600A2D319 /* SummaryViewController.swift in Sources */ = {isa = PBXBuildFile; fileRef = 3CD835B11E0C490600A2D319 /* SummaryViewController.swift */; };
		6886FA8DEB7C88B97E8BBF38 /* Pods_budgeter.framework in Frameworks */ = {isa = PBXBuildFile; fileRef = E7F82B2B1EDEC0CBDEE30BCE /* Pods_budgeter.framework */; };
/* End PBXBuildFile section */

/* Begin PBXContainerItemProxy section */
		3C566D9A1E0C316F00BC7D22 /* PBXContainerItemProxy */ = {
			isa = PBXContainerItemProxy;
			containerPortal = 3C566D7A1E0C316F00BC7D22 /* Project object */;
			proxyType = 1;
			remoteGlobalIDString = 3C566D811E0C316F00BC7D22;
			remoteInfo = budgeter;
		};
		3C566DA51E0C316F00BC7D22 /* PBXContainerItemProxy */ = {
			isa = PBXContainerItemProxy;
			containerPortal = 3C566D7A1E0C316F00BC7D22 /* Project object */;
			proxyType = 1;
			remoteGlobalIDString = 3C566D811E0C316F00BC7D22;
			remoteInfo = budgeter;
		};
/* End PBXContainerItemProxy section */

/* Begin PBXFileReference section */
		13F8171393462FE4CE71B2B3 /* Pods-budgeter.debug.xcconfig */ = {isa = PBXFileReference; includeInIndex = 1; lastKnownFileType = text.xcconfig; name = "Pods-budgeter.debug.xcconfig"; path = "Pods/Target Support Files/Pods-budgeter/Pods-budgeter.debug.xcconfig"; sourceTree = "<group>"; };
		3C0A56E41E171AA400298F6D /* RealmModels.swift */ = {isa = PBXFileReference; fileEncoding = 4; lastKnownFileType = sourcecode.swift; path = RealmModels.swift; sourceTree = "<group>"; };
		3C0A56E61E1720BE00298F6D /* DBManager.swift */ = {isa = PBXFileReference; fileEncoding = 4; lastKnownFileType = sourcecode.swift; path = DBManager.swift; sourceTree = "<group>"; };
		3C0A56E81E17960B00298F6D /* Constants.swift */ = {isa = PBXFileReference; fileEncoding = 4; lastKnownFileType = sourcecode.swift; path = Constants.swift; sourceTree = "<group>"; };
		3C0B0A371E11B98D007FE881 /* norwester.otf */ = {isa = PBXFileReference; lastKnownFileType = file; path = norwester.otf; sourceTree = "<group>"; };
		3C0B0A391E11BD20007FE881 /* ExpenseTableCell.swift */ = {isa = PBXFileReference; fileEncoding = 4; lastKnownFileType = sourcecode.swift; path = ExpenseTableCell.swift; sourceTree = "<group>"; };
		3C0B0A3F1E11C5E5007FE881 /* Extensions.swift */ = {isa = PBXFileReference; fileEncoding = 4; lastKnownFileType = sourcecode.swift; path = Extensions.swift; sourceTree = "<group>"; };
		3C0B0A421E11CE0E007FE881 /* DateFormatter.swift */ = {isa = PBXFileReference; fileEncoding = 4; lastKnownFileType = sourcecode.swift; path = DateFormatter.swift; sourceTree = "<group>"; };
		3C566D821E0C316F00BC7D22 /* budgeter.app */ = {isa = PBXFileReference; explicitFileType = wrapper.application; includeInIndex = 0; path = budgeter.app; sourceTree = BUILT_PRODUCTS_DIR; };
		3C566D851E0C316F00BC7D22 /* AppDelegate.swift */ = {isa = PBXFileReference; lastKnownFileType = sourcecode.swift; path = AppDelegate.swift; sourceTree = "<group>"; };
		3C566D8A1E0C316F00BC7D22 /* Base */ = {isa = PBXFileReference; lastKnownFileType = file.storyboard; name = Base; path = Base.lproj/Main.storyboard; sourceTree = "<group>"; };
		3C566D8D1E0C316F00BC7D22 /* budgeter.xcdatamodel */ = {isa = PBXFileReference; lastKnownFileType = wrapper.xcdatamodel; path = budgeter.xcdatamodel; sourceTree = "<group>"; };
		3C566D8F1E0C316F00BC7D22 /* Assets.xcassets */ = {isa = PBXFileReference; lastKnownFileType = folder.assetcatalog; path = Assets.xcassets; sourceTree = "<group>"; };
		3C566D921E0C316F00BC7D22 /* Base */ = {isa = PBXFileReference; lastKnownFileType = file.storyboard; name = Base; path = Base.lproj/LaunchScreen.storyboard; sourceTree = "<group>"; };
		3C566D941E0C316F00BC7D22 /* Info.plist */ = {isa = PBXFileReference; lastKnownFileType = text.plist.xml; path = Info.plist; sourceTree = "<group>"; };
		3C566D991E0C316F00BC7D22 /* budgeterTests.xctest */ = {isa = PBXFileReference; explicitFileType = wrapper.cfbundle; includeInIndex = 0; path = budgeterTests.xctest; sourceTree = BUILT_PRODUCTS_DIR; };
		3C566DA41E0C316F00BC7D22 /* budgeterUITests.xctest */ = {isa = PBXFileReference; explicitFileType = wrapper.cfbundle; includeInIndex = 0; path = budgeterUITests.xctest; sourceTree = BUILT_PRODUCTS_DIR; };
		3CAAC4ED1E0C85440015345B /* ExpenseViewController.swift */ = {isa = PBXFileReference; fileEncoding = 4; lastKnownFileType = sourcecode.swift; path = ExpenseViewController.swift; sourceTree = "<group>"; };
		3CAAC4F01E0C87110015345B /* ExpenseTableCell.xib */ = {isa = PBXFileReference; fileEncoding = 4; lastKnownFileType = file.xib; path = ExpenseTableCell.xib; sourceTree = "<group>"; };
		3CD835B11E0C490600A2D319 /* SummaryViewController.swift */ = {isa = PBXFileReference; fileEncoding = 4; lastKnownFileType = sourcecode.swift; path = SummaryViewController.swift; sourceTree = "<group>"; };
		A2226B13662D2D22E51B2830 /* Pods-budgeter.release.xcconfig */ = {isa = PBXFileReference; includeInIndex = 1; lastKnownFileType = text.xcconfig; name = "Pods-budgeter.release.xcconfig"; path = "Pods/Target Support Files/Pods-budgeter/Pods-budgeter.release.xcconfig"; sourceTree = "<group>"; };
		E7F82B2B1EDEC0CBDEE30BCE /* Pods_budgeter.framework */ = {isa = PBXFileReference; explicitFileType = wrapper.framework; includeInIndex = 0; path = Pods_budgeter.framework; sourceTree = BUILT_PRODUCTS_DIR; };
/* End PBXFileReference section */

/* Begin PBXFrameworksBuildPhase section */
		3C566D7F1E0C316F00BC7D22 /* Frameworks */ = {
			isa = PBXFrameworksBuildPhase;
			buildActionMask = 2147483647;
			files = (
				6886FA8DEB7C88B97E8BBF38 /* Pods_budgeter.framework in Frameworks */,
			);
			runOnlyForDeploymentPostprocessing = 0;
		};
		3C566D961E0C316F00BC7D22 /* Frameworks */ = {
			isa = PBXFrameworksBuildPhase;
			buildActionMask = 2147483647;
			files = (
			);
			runOnlyForDeploymentPostprocessing = 0;
		};
		3C566DA11E0C316F00BC7D22 /* Frameworks */ = {
			isa = PBXFrameworksBuildPhase;
			buildActionMask = 2147483647;
			files = (
			);
			runOnlyForDeploymentPostprocessing = 0;
		};
/* End PBXFrameworksBuildPhase section */

/* Begin PBXGroup section */
		3C0A56E11E171A7200298F6D /* Model */ = {
			isa = PBXGroup;
			children = (
				3C0A56E41E171AA400298F6D /* RealmModels.swift */,
			);
			name = Model;
			sourceTree = "<group>";
		};
		3C0B0A361E11B93D007FE881 /* resources */ = {
			isa = PBXGroup;
			children = (
				3C0B0A371E11B98D007FE881 /* norwester.otf */,
			);
			name = resources;
			sourceTree = "<group>";
		};
		3C0B0A411E11CE02007FE881 /* Data */ = {
			isa = PBXGroup;
			children = (
				3C0B0A421E11CE0E007FE881 /* DateFormatter.swift */,
				3C0A56E61E1720BE00298F6D /* DBManager.swift */,
			);
			name = Data;
			sourceTree = "<group>";
		};
		3C566D791E0C316F00BC7D22 = {
			isa = PBXGroup;
			children = (
				3C0B0A361E11B93D007FE881 /* resources */,
				3C566D841E0C316F00BC7D22 /* budgeter */,
				3C566D831E0C316F00BC7D22 /* Products */,
				B7EAEA0A0C6ECCAEC0A2C5CB /* Pods */,
				AB6141EE435577D89A058748 /* Frameworks */,
			);
			sourceTree = "<group>";
		};
		3C566D831E0C316F00BC7D22 /* Products */ = {
			isa = PBXGroup;
			children = (
				3C566D821E0C316F00BC7D22 /* budgeter.app */,
				3C566D991E0C316F00BC7D22 /* budgeterTests.xctest */,
				3C566DA41E0C316F00BC7D22 /* budgeterUITests.xctest */,
			);
			name = Products;
			sourceTree = "<group>";
		};
		3C566D841E0C316F00BC7D22 /* budgeter */ = {
			isa = PBXGroup;
			children = (
				3C0A56E11E171A7200298F6D /* Model */,
				3C0B0A411E11CE02007FE881 /* Data */,
				3CE3013D1E0C4405004A866F /* Tabs */,
				3C566D851E0C316F00BC7D22 /* AppDelegate.swift */,
				3C566D891E0C316F00BC7D22 /* Main.storyboard */,
				3C566D8F1E0C316F00BC7D22 /* Assets.xcassets */,
				3C566D911E0C316F00BC7D22 /* LaunchScreen.storyboard */,
				3C566D941E0C316F00BC7D22 /* Info.plist */,
				3C566D8C1E0C316F00BC7D22 /* budgeter.xcdatamodeld */,
				3C0B0A3F1E11C5E5007FE881 /* Extensions.swift */,
				3C0A56E81E17960B00298F6D /* Constants.swift */,
			);
			path = budgeter;
			sourceTree = "<group>";
		};
		3CAAC4EF1E0C86F20015345B /* Cells */ = {
			isa = PBXGroup;
			children = (
				3CAAC4F01E0C87110015345B /* ExpenseTableCell.xib */,
				3C0B0A391E11BD20007FE881 /* ExpenseTableCell.swift */,
			);
			name = Cells;
			sourceTree = "<group>";
		};
		3CE3013D1E0C4405004A866F /* Tabs */ = {
			isa = PBXGroup;
			children = (
				3CAAC4EF1E0C86F20015345B /* Cells */,
				3CD835B11E0C490600A2D319 /* SummaryViewController.swift */,
				3CAAC4ED1E0C85440015345B /* ExpenseViewController.swift */,
			);
			name = Tabs;
			sourceTree = "<group>";
		};
		AB6141EE435577D89A058748 /* Frameworks */ = {
			isa = PBXGroup;
			children = (
				E7F82B2B1EDEC0CBDEE30BCE /* Pods_budgeter.framework */,
			);
			name = Frameworks;
			sourceTree = "<group>";
		};
		B7EAEA0A0C6ECCAEC0A2C5CB /* Pods */ = {
			isa = PBXGroup;
			children = (
				13F8171393462FE4CE71B2B3 /* Pods-budgeter.debug.xcconfig */,
				A2226B13662D2D22E51B2830 /* Pods-budgeter.release.xcconfig */,
			);
			name = Pods;
			sourceTree = "<group>";
		};
/* End PBXGroup section */

/* Begin PBXNativeTarget section */
		3C566D811E0C316F00BC7D22 /* budgeter */ = {
			isa = PBXNativeTarget;
			buildConfigurationList = 3C566DAD1E0C316F00BC7D22 /* Build configuration list for PBXNativeTarget "budgeter" */;
			buildPhases = (
				C56637577B4E00130D686E63 /* 📦 Check Pods Manifest.lock */,
				3C566D7E1E0C316F00BC7D22 /* Sources */,
				3C566D7F1E0C316F00BC7D22 /* Frameworks */,
				3C566D801E0C316F00BC7D22 /* Resources */,
				E76541D546E280C5DCC4765C /* 📦 Embed Pods Frameworks */,
				045B18E6D1E47CA97F660A40 /* 📦 Copy Pods Resources */,
			);
			buildRules = (
			);
			dependencies = (
			);
			name = budgeter;
			productName = budgeter;
			productReference = 3C566D821E0C316F00BC7D22 /* budgeter.app */;
			productType = "com.apple.product-type.application";
		};
		3C566D981E0C316F00BC7D22 /* budgeterTests */ = {
			isa = PBXNativeTarget;
			buildConfigurationList = 3C566DB01E0C316F00BC7D22 /* Build configuration list for PBXNativeTarget "budgeterTests" */;
			buildPhases = (
				3C566D951E0C316F00BC7D22 /* Sources */,
				3C566D961E0C316F00BC7D22 /* Frameworks */,
				3C566D971E0C316F00BC7D22 /* Resources */,
			);
			buildRules = (
			);
			dependencies = (
				3C566D9B1E0C316F00BC7D22 /* PBXTargetDependency */,
			);
			name = budgeterTests;
			productName = budgeterTests;
			productReference = 3C566D991E0C316F00BC7D22 /* budgeterTests.xctest */;
			productType = "com.apple.product-type.bundle.unit-test";
		};
		3C566DA31E0C316F00BC7D22 /* budgeterUITests */ = {
			isa = PBXNativeTarget;
			buildConfigurationList = 3C566DB31E0C316F00BC7D22 /* Build configuration list for PBXNativeTarget "budgeterUITests" */;
			buildPhases = (
				3C566DA01E0C316F00BC7D22 /* Sources */,
				3C566DA11E0C316F00BC7D22 /* Frameworks */,
				3C566DA21E0C316F00BC7D22 /* Resources */,
			);
			buildRules = (
			);
			dependencies = (
				3C566DA61E0C316F00BC7D22 /* PBXTargetDependency */,
			);
			name = budgeterUITests;
			productName = budgeterUITests;
			productReference = 3C566DA41E0C316F00BC7D22 /* budgeterUITests.xctest */;
			productType = "com.apple.product-type.bundle.ui-testing";
		};
/* End PBXNativeTarget section */

/* Begin PBXProject section */
		3C566D7A1E0C316F00BC7D22 /* Project object */ = {
			isa = PBXProject;
			attributes = {
				LastSwiftUpdateCheck = 0730;
				LastUpgradeCheck = 0730;
				ORGANIZATIONNAME = KAM;
				TargetAttributes = {
					3C566D811E0C316F00BC7D22 = {
						CreatedOnToolsVersion = 7.3.1;
					};
					3C566D981E0C316F00BC7D22 = {
						CreatedOnToolsVersion = 7.3.1;
						TestTargetID = 3C566D811E0C316F00BC7D22;
					};
					3C566DA31E0C316F00BC7D22 = {
						CreatedOnToolsVersion = 7.3.1;
						TestTargetID = 3C566D811E0C316F00BC7D22;
					};
				};
			};
			buildConfigurationList = 3C566D7D1E0C316F00BC7D22 /* Build configuration list for PBXProject "budgeter" */;
			compatibilityVersion = "Xcode 3.2";
			developmentRegion = English;
			hasScannedForEncodings = 0;
			knownRegions = (
				en,
				Base,
			);
			mainGroup = 3C566D791E0C316F00BC7D22;
			productRefGroup = 3C566D831E0C316F00BC7D22 /* Products */;
			projectDirPath = "";
			projectRoot = "";
			targets = (
				3C566D811E0C316F00BC7D22 /* budgeter */,
				3C566D981E0C316F00BC7D22 /* budgeterTests */,
				3C566DA31E0C316F00BC7D22 /* budgeterUITests */,
			);
		};
/* End PBXProject section */

/* Begin PBXResourcesBuildPhase section */
		3C566D801E0C316F00BC7D22 /* Resources */ = {
			isa = PBXResourcesBuildPhase;
			buildActionMask = 2147483647;
			files = (
				3C566D931E0C316F00BC7D22 /* LaunchScreen.storyboard in Resources */,
				3C566D901E0C316F00BC7D22 /* Assets.xcassets in Resources */,
				3CAAC4F11E0C87110015345B /* ExpenseTableCell.xib in Resources */,
				3C0B0A381E11B98D007FE881 /* norwester.otf in Resources */,
				3C566D8B1E0C316F00BC7D22 /* Main.storyboard in Resources */,
			);
			runOnlyForDeploymentPostprocessing = 0;
		};
		3C566D971E0C316F00BC7D22 /* Resources */ = {
			isa = PBXResourcesBuildPhase;
			buildActionMask = 2147483647;
			files = (
			);
			runOnlyForDeploymentPostprocessing = 0;
		};
		3C566DA21E0C316F00BC7D22 /* Resources */ = {
			isa = PBXResourcesBuildPhase;
			buildActionMask = 2147483647;
			files = (
			);
			runOnlyForDeploymentPostprocessing = 0;
		};
/* End PBXResourcesBuildPhase section */

/* Begin PBXShellScriptBuildPhase section */
		045B18E6D1E47CA97F660A40 /* 📦 Copy Pods Resources */ = {
			isa = PBXShellScriptBuildPhase;
			buildActionMask = 2147483647;
			files = (
			);
			inputPaths = (
			);
			name = "📦 Copy Pods Resources";
			outputPaths = (
			);
			runOnlyForDeploymentPostprocessing = 0;
			shellPath = /bin/sh;
			shellScript = "\"${SRCROOT}/Pods/Target Support Files/Pods-budgeter/Pods-budgeter-resources.sh\"\n";
			showEnvVarsInLog = 0;
		};
		C56637577B4E00130D686E63 /* 📦 Check Pods Manifest.lock */ = {
			isa = PBXShellScriptBuildPhase;
			buildActionMask = 2147483647;
			files = (
			);
			inputPaths = (
			);
			name = "📦 Check Pods Manifest.lock";
			outputPaths = (
			);
			runOnlyForDeploymentPostprocessing = 0;
			shellPath = /bin/sh;
			shellScript = "diff \"${PODS_ROOT}/../Podfile.lock\" \"${PODS_ROOT}/Manifest.lock\" > /dev/null\nif [[ $? != 0 ]] ; then\n    cat << EOM\nerror: The sandbox is not in sync with the Podfile.lock. Run 'pod install' or update your CocoaPods installation.\nEOM\n    exit 1\nfi\n";
			showEnvVarsInLog = 0;
		};
		E76541D546E280C5DCC4765C /* 📦 Embed Pods Frameworks */ = {
			isa = PBXShellScriptBuildPhase;
			buildActionMask = 2147483647;
			files = (
			);
			inputPaths = (
			);
			name = "📦 Embed Pods Frameworks";
			outputPaths = (
			);
			runOnlyForDeploymentPostprocessing = 0;
			shellPath = /bin/sh;
			shellScript = "\"${SRCROOT}/Pods/Target Support Files/Pods-budgeter/Pods-budgeter-frameworks.sh\"\n";
			showEnvVarsInLog = 0;
		};
/* End PBXShellScriptBuildPhase section */

/* Begin PBXSourcesBuildPhase section */
		3C566D7E1E0C316F00BC7D22 /* Sources */ = {
			isa = PBXSourcesBuildPhase;
			buildActionMask = 2147483647;
			files = (
				3CD835B21E0C490600A2D319 /* SummaryViewController.swift in Sources */,
				3C0A56E51E171AA400298F6D /* RealmModels.swift in Sources */,
				3C0B0A401E11C5E5007FE881 /* Extensions.swift in Sources */,
				3CAAC4EE1E0C85440015345B /* ExpenseViewController.swift in Sources */,
				3C0A56E71E1720BE00298F6D /* DBManager.swift in Sources */,
				3C0A56E91E17960B00298F6D /* Constants.swift in Sources */,
				3C0B0A431E11CE0E007FE881 /* DateFormatter.swift in Sources */,
				3C0B0A3A1E11BD20007FE881 /* ExpenseTableCell.swift in Sources */,
				3C566D8E1E0C316F00BC7D22 /* budgeter.xcdatamodeld in Sources */,
				3C566D861E0C316F00BC7D22 /* AppDelegate.swift in Sources */,
			);
			runOnlyForDeploymentPostprocessing = 0;
		};
		3C566D951E0C316F00BC7D22 /* Sources */ = {
			isa = PBXSourcesBuildPhase;
			buildActionMask = 2147483647;
			files = (
			);
			runOnlyForDeploymentPostprocessing = 0;
		};
		3C566DA01E0C316F00BC7D22 /* Sources */ = {
			isa = PBXSourcesBuildPhase;
			buildActionMask = 2147483647;
			files = (
			);
			runOnlyForDeploymentPostprocessing = 0;
		};
/* End PBXSourcesBuildPhase section */

/* Begin PBXTargetDependency section */
		3C566D9B1E0C316F00BC7D22 /* PBXTargetDependency */ = {
			isa = PBXTargetDependency;
			target = 3C566D811E0C316F00BC7D22 /* budgeter */;
			targetProxy = 3C566D9A1E0C316F00BC7D22 /* PBXContainerItemProxy */;
		};
		3C566DA61E0C316F00BC7D22 /* PBXTargetDependency */ = {
			isa = PBXTargetDependency;
			target = 3C566D811E0C316F00BC7D22 /* budgeter */;
			targetProxy = 3C566DA51E0C316F00BC7D22 /* PBXContainerItemProxy */;
		};
/* End PBXTargetDependency section */

/* Begin PBXVariantGroup section */
		3C566D891E0C316F00BC7D22 /* Main.storyboard */ = {
			isa = PBXVariantGroup;
			children = (
				3C566D8A1E0C316F00BC7D22 /* Base */,
			);
			name = Main.storyboard;
			sourceTree = "<group>";
		};
		3C566D911E0C316F00BC7D22 /* LaunchScreen.storyboard */ = {
			isa = PBXVariantGroup;
			children = (
				3C566D921E0C316F00BC7D22 /* Base */,
			);
			name = LaunchScreen.storyboard;
			sourceTree = "<group>";
		};
/* End PBXVariantGroup section */

/* Begin XCBuildConfiguration section */
		3C566DAB1E0C316F00BC7D22 /* Debug */ = {
			isa = XCBuildConfiguration;
			buildSettings = {
				ALWAYS_SEARCH_USER_PATHS = NO;
				CLANG_ANALYZER_NONNULL = YES;
				CLANG_CXX_LANGUAGE_STANDARD = "gnu++0x";
				CLANG_CXX_LIBRARY = "libc++";
				CLANG_ENABLE_MODULES = YES;
				CLANG_ENABLE_OBJC_ARC = YES;
				CLANG_WARN_BOOL_CONVERSION = YES;
				CLANG_WARN_CONSTANT_CONVERSION = YES;
				CLANG_WARN_DIRECT_OBJC_ISA_USAGE = YES_ERROR;
				CLANG_WARN_EMPTY_BODY = YES;
				CLANG_WARN_ENUM_CONVERSION = YES;
				CLANG_WARN_INT_CONVERSION = YES;
				CLANG_WARN_OBJC_ROOT_CLASS = YES_ERROR;
				CLANG_WARN_UNREACHABLE_CODE = YES;
				CLANG_WARN__DUPLICATE_METHOD_MATCH = YES;
				"CODE_SIGN_IDENTITY[sdk=iphoneos*]" = "iPhone Developer";
				COPY_PHASE_STRIP = NO;
				DEBUG_INFORMATION_FORMAT = dwarf;
				ENABLE_STRICT_OBJC_MSGSEND = YES;
				ENABLE_TESTABILITY = YES;
				GCC_C_LANGUAGE_STANDARD = gnu99;
				GCC_DYNAMIC_NO_PIC = NO;
				GCC_NO_COMMON_BLOCKS = YES;
				GCC_OPTIMIZATION_LEVEL = 0;
				GCC_PREPROCESSOR_DEFINITIONS = (
					"DEBUG=1",
					"$(inherited)",
				);
				GCC_WARN_64_TO_32_BIT_CONVERSION = YES;
				GCC_WARN_ABOUT_RETURN_TYPE = YES_ERROR;
				GCC_WARN_UNDECLARED_SELECTOR = YES;
				GCC_WARN_UNINITIALIZED_AUTOS = YES_AGGRESSIVE;
				GCC_WARN_UNUSED_FUNCTION = YES;
				GCC_WARN_UNUSED_VARIABLE = YES;
				IPHONEOS_DEPLOYMENT_TARGET = 9.3;
				MTL_ENABLE_DEBUG_INFO = YES;
				ONLY_ACTIVE_ARCH = YES;
				SDKROOT = iphoneos;
				SWIFT_OPTIMIZATION_LEVEL = "-Onone";
				TARGETED_DEVICE_FAMILY = "1,2";
			};
			name = Debug;
		};
		3C566DAC1E0C316F00BC7D22 /* Release */ = {
			isa = XCBuildConfiguration;
			buildSettings = {
				ALWAYS_SEARCH_USER_PATHS = NO;
				CLANG_ANALYZER_NONNULL = YES;
				CLANG_CXX_LANGUAGE_STANDARD = "gnu++0x";
				CLANG_CXX_LIBRARY = "libc++";
				CLANG_ENABLE_MODULES = YES;
				CLANG_ENABLE_OBJC_ARC = YES;
				CLANG_WARN_BOOL_CONVERSION = YES;
				CLANG_WARN_CONSTANT_CONVERSION = YES;
				CLANG_WARN_DIRECT_OBJC_ISA_USAGE = YES_ERROR;
				CLANG_WARN_EMPTY_BODY = YES;
				CLANG_WARN_ENUM_CONVERSION = YES;
				CLANG_WARN_INT_CONVERSION = YES;
				CLANG_WARN_OBJC_ROOT_CLASS = YES_ERROR;
				CLANG_WARN_UNREACHABLE_CODE = YES;
				CLANG_WARN__DUPLICATE_METHOD_MATCH = YES;
				"CODE_SIGN_IDENTITY[sdk=iphoneos*]" = "iPhone Developer";
				COPY_PHASE_STRIP = NO;
				DEBUG_INFORMATION_FORMAT = "dwarf-with-dsym";
				ENABLE_NS_ASSERTIONS = NO;
				ENABLE_STRICT_OBJC_MSGSEND = YES;
				GCC_C_LANGUAGE_STANDARD = gnu99;
				GCC_NO_COMMON_BLOCKS = YES;
				GCC_WARN_64_TO_32_BIT_CONVERSION = YES;
				GCC_WARN_ABOUT_RETURN_TYPE = YES_ERROR;
				GCC_WARN_UNDECLARED_SELECTOR = YES;
				GCC_WARN_UNINITIALIZED_AUTOS = YES_AGGRESSIVE;
				GCC_WARN_UNUSED_FUNCTION = YES;
				GCC_WARN_UNUSED_VARIABLE = YES;
				IPHONEOS_DEPLOYMENT_TARGET = 9.3;
				MTL_ENABLE_DEBUG_INFO = NO;
				SDKROOT = iphoneos;
				TARGETED_DEVICE_FAMILY = "1,2";
				VALIDATE_PRODUCT = YES;
			};
			name = Release;
		};
		3C566DAE1E0C316F00BC7D22 /* Debug */ = {
			isa = XCBuildConfiguration;
			baseConfigurationReference = 13F8171393462FE4CE71B2B3 /* Pods-budgeter.debug.xcconfig */;
			buildSettings = {
				ASSETCATALOG_COMPILER_APPICON_NAME = AppIcon;
				INFOPLIST_FILE = budgeter/Info.plist;
				LD_RUNPATH_SEARCH_PATHS = "$(inherited) @executable_path/Frameworks";
				PRODUCT_BUNDLE_IDENTIFIER = maloles.kevin.budgeter;
				PRODUCT_NAME = "$(TARGET_NAME)";
			};
			name = Debug;
		};
		3C566DAF1E0C316F00BC7D22 /* Release */ = {
			isa = XCBuildConfiguration;
			baseConfigurationReference = A2226B13662D2D22E51B2830 /* Pods-budgeter.release.xcconfig */;
			buildSettings = {
				ASSETCATALOG_COMPILER_APPICON_NAME = AppIcon;
				INFOPLIST_FILE = budgeter/Info.plist;
				LD_RUNPATH_SEARCH_PATHS = "$(inherited) @executable_path/Frameworks";
				PRODUCT_BUNDLE_IDENTIFIER = maloles.kevin.budgeter;
				PRODUCT_NAME = "$(TARGET_NAME)";
			};
			name = Release;
		};
		3C566DB11E0C316F00BC7D22 /* Debug */ = {
			isa = XCBuildConfiguration;
			buildSettings = {
				BUNDLE_LOADER = "$(TEST_HOST)";
				INFOPLIST_FILE = budgeterTests/Info.plist;
				LD_RUNPATH_SEARCH_PATHS = "$(inherited) @executable_path/Frameworks @loader_path/Frameworks";
				PRODUCT_BUNDLE_IDENTIFIER = maloles.kevin.budgeterTests;
				PRODUCT_NAME = "$(TARGET_NAME)";
				TEST_HOST = "$(BUILT_PRODUCTS_DIR)/budgeter.app/budgeter";
			};
			name = Debug;
		};
		3C566DB21E0C316F00BC7D22 /* Release */ = {
			isa = XCBuildConfiguration;
			buildSettings = {
				BUNDLE_LOADER = "$(TEST_HOST)";
				INFOPLIST_FILE = budgeterTests/Info.plist;
				LD_RUNPATH_SEARCH_PATHS = "$(inherited) @executable_path/Frameworks @loader_path/Frameworks";
				PRODUCT_BUNDLE_IDENTIFIER = maloles.kevin.budgeterTests;
				PRODUCT_NAME = "$(TARGET_NAME)";
				TEST_HOST = "$(BUILT_PRODUCTS_DIR)/budgeter.app/budgeter";
			};
			name = Release;
		};
		3C566DB41E0C316F00BC7D22 /* Debug */ = {
			isa = XCBuildConfiguration;
			buildSettings = {
				INFOPLIST_FILE = budgeterUITests/Info.plist;
				LD_RUNPATH_SEARCH_PATHS = "$(inherited) @executable_path/Frameworks @loader_path/Frameworks";
				PRODUCT_BUNDLE_IDENTIFIER = maloles.kevin.budgeterUITests;
				PRODUCT_NAME = "$(TARGET_NAME)";
				TEST_TARGET_NAME = budgeter;
			};
			name = Debug;
		};
		3C566DB51E0C316F00BC7D22 /* Release */ = {
			isa = XCBuildConfiguration;
			buildSettings = {
				INFOPLIST_FILE = budgeterUITests/Info.plist;
				LD_RUNPATH_SEARCH_PATHS = "$(inherited) @executable_path/Frameworks @loader_path/Frameworks";
				PRODUCT_BUNDLE_IDENTIFIER = maloles.kevin.budgeterUITests;
				PRODUCT_NAME = "$(TARGET_NAME)";
				TEST_TARGET_NAME = budgeter;
			};
			name = Release;
		};
/* End XCBuildConfiguration section */

/* Begin XCConfigurationList section */
		3C566D7D1E0C316F00BC7D22 /* Build configuration list for PBXProject "budgeter" */ = {
			isa = XCConfigurationList;
			buildConfigurations = (
				3C566DAB1E0C316F00BC7D22 /* Debug */,
				3C566DAC1E0C316F00BC7D22 /* Release */,
			);
			defaultConfigurationIsVisible = 0;
			defaultConfigurationName = Release;
		};
		3C566DAD1E0C316F00BC7D22 /* Build configuration list for PBXNativeTarget "budgeter" */ = {
			isa = XCConfigurationList;
			buildConfigurations = (
				3C566DAE1E0C316F00BC7D22 /* Debug */,
				3C566DAF1E0C316F00BC7D22 /* Release */,
			);
			defaultConfigurationIsVisible = 0;
			defaultConfigurationName = Release;
		};
		3C566DB01E0C316F00BC7D22 /* Build configuration list for PBXNativeTarget "budgeterTests" */ = {
			isa = XCConfigurationList;
			buildConfigurations = (
				3C566DB11E0C316F00BC7D22 /* Debug */,
				3C566DB21E0C316F00BC7D22 /* Release */,
			);
			defaultConfigurationIsVisible = 0;
			defaultConfigurationName = Release;
		};
		3C566DB31E0C316F00BC7D22 /* Build configuration list for PBXNativeTarget "budgeterUITests" */ = {
			isa = XCConfigurationList;
			buildConfigurations = (
				3C566DB41E0C316F00BC7D22 /* Debug */,
				3C566DB51E0C316F00BC7D22 /* Release */,
			);
			defaultConfigurationIsVisible = 0;
			defaultConfigurationName = Release;
		};
/* End XCConfigurationList section */

/* Begin XCVersionGroup section */
		3C566D8C1E0C316F00BC7D22 /* budgeter.xcdatamodeld */ = {
			isa = XCVersionGroup;
			children = (
				3C566D8D1E0C316F00BC7D22 /* budgeter.xcdatamodel */,
			);
			currentVersion = 3C566D8D1E0C316F00BC7D22 /* budgeter.xcdatamodel */;
			path = budgeter.xcdatamodeld;
			sourceTree = "<group>";
			versionGroupType = wrapper.xcdatamodel;
		};
/* End XCVersionGroup section */
	};
	rootObject = 3C566D7A1E0C316F00BC7D22 /* Project object */;
}
